
Microsoft Visual Studio Solution File, Format Version 12.00
# Visual Studio Version 17
VisualStudioVersion = 17.1.32319.34
MinimumVisualStudioVersion = 10.0.40219.1
Project("{FAE04EC0-301F-11D3-BF4B-00C04F79EFBC}") = "anu_mitkadmim_mamash_leat", "anu_mitkadmim_mamash_leat\anu_mitkadmim_mamash_leat.csproj", "{2967036F-3962-4D5F-9499-A4B1E49CB7D6}"
EndProject
Global
	GlobalSection(SolutionConfigurationPlatforms) = preSolution
		Debug|Any CPU = Debug|Any CPU
		Release|Any CPU = Release|Any CPU
	EndGlobalSection
	GlobalSection(ProjectConfigurationPlatforms) = postSolution
		{2967036F-3962-4D5F-9499-A4B1E49CB7D6}.Debug|Any CPU.ActiveCfg = Debug|Any CPU
		{2967036F-3962-4D5F-9499-A4B1E49CB7D6}.Debug|Any CPU.Build.0 = Debug|Any CPU
		{2967036F-3962-4D5F-9499-A4B1E49CB7D6}.Release|Any CPU.ActiveCfg = Release|Any CPU
		{2967036F-3962-4D5F-9499-A4B1E49CB7D6}.Release|Any CPU.Build.0 = Release|Any CPU
	EndGlobalSection
	GlobalSection(SolutionProperties) = preSolution
		HideSolutionNode = FALSE
	EndGlobalSection
	GlobalSection(ExtensibilityGlobals) = postSolution
		SolutionGuid = {F7E5028F-AA29-48FA-9BDF-7430785120A6}
	EndGlobalSection
EndGlobal
